
Microsoft Visual Studio Solution File, Format Version 12.00
# Visual Studio Version 16
VisualStudioVersion = 16.0.31729.503
MinimumVisualStudioVersion = 10.0.40219.1
Project("{9A19103F-16F7-4668-BE54-9A1E7A4F7556}") = "MTCG", "MTCG\MTCG.csproj", "{40BA8237-0337-4DE7-BACB-E95B3EC99179}"
EndProject
Project("{9A19103F-16F7-4668-BE54-9A1E7A4F7556}") = "MTCG.Test", "MTCG_Test\MTCG.Test.csproj", "{B901444E-E5AE-4FEF-B43C-476142B6B369}"
EndProject
Global
	GlobalSection(SolutionConfigurationPlatforms) = preSolution
		Debug|Any CPU = Debug|Any CPU
		Release|Any CPU = Release|Any CPU
	EndGlobalSection
	GlobalSection(ProjectConfigurationPlatforms) = postSolution
		{40BA8237-0337-4DE7-BACB-E95B3EC99179}.Debug|Any CPU.ActiveCfg = Debug|Any CPU
		{40BA8237-0337-4DE7-BACB-E95B3EC99179}.Debug|Any CPU.Build.0 = Debug|Any CPU
		{40BA8237-0337-4DE7-BACB-E95B3EC99179}.Release|Any CPU.ActiveCfg = Release|Any CPU
		{40BA8237-0337-4DE7-BACB-E95B3EC99179}.Release|Any CPU.Build.0 = Release|Any CPU
		{B901444E-E5AE-4FEF-B43C-476142B6B369}.Debug|Any CPU.ActiveCfg = Debug|Any CPU
		{B901444E-E5AE-4FEF-B43C-476142B6B369}.Debug|Any CPU.Build.0 = Debug|Any CPU
		{B901444E-E5AE-4FEF-B43C-476142B6B369}.Release|Any CPU.ActiveCfg = Release|Any CPU
		{B901444E-E5AE-4FEF-B43C-476142B6B369}.Release|Any CPU.Build.0 = Release|Any CPU
	EndGlobalSection
	GlobalSection(SolutionProperties) = preSolution
		HideSolutionNode = FALSE
	EndGlobalSection
	GlobalSection(ExtensibilityGlobals) = postSolution
		SolutionGuid = {9A5467F3-FAB9-497F-A38F-A86B4A8853F6}
	EndGlobalSection
EndGlobal
